{
  "nodes": {
    "emacs-overlay": {
      "inputs": {
        "flake-utils": [
          "flake-utils"
        ],
        "nixpkgs": [
          "nixpkgs"
        ]
      },
      "locked": {
        "lastModified": 1679681442,
        "narHash": "sha256-82p16JNOhzniTQK1YG4G9fQQt/zuSKKurUZADi8GMFw=",
        "owner": "nix-community",
        "repo": "emacs-overlay",
        "rev": "702b1724ead7b6eec28bfc5e1404c26a57a3b248",
        "type": "github"
      },
      "original": {
        "owner": "nix-community",
        "repo": "emacs-overlay",
        "type": "github"
      }
    },
    "flake-utils": {
      "locked": {
        "lastModified": 1678901627,
        "narHash": "sha256-U02riOqrKKzwjsxc/400XnElV+UtPUQWpANPlyazjH0=",
        "owner": "numtide",
        "repo": "flake-utils",
        "rev": "93a2b84fc4b70d9e089d029deacc3583435c2ed6",
        "type": "github"
      },
      "original": {
        "owner": "numtide",
        "repo": "flake-utils",
        "type": "github"
      }
    },
    "home-manager": {
      "inputs": {
        "nixpkgs": [
          "nixpkgs"
        ],
        "utils": "utils"
      },
      "locked": {
        "lastModified": 1679684476,
        "narHash": "sha256-WTYZFt9cJmOSp1n3hxAS+BQnu7smcBsC98RSgdp2qsE=",
        "owner": "nix-community",
        "repo": "home-manager",
        "rev": "db37c537603d1d45d022cc0666ad45197455b364",
        "type": "github"
      },
      "original": {
        "owner": "nix-community",
        "repo": "home-manager",
        "type": "github"
      }
    },
    "hyprland": {
      "inputs": {
        "hyprland-protocols": "hyprland-protocols",
        "nixpkgs": "nixpkgs",
        "wlroots": "wlroots",
        "xdph": "xdph"
      },
      "locked": {
        "lastModified": 1679696652,
        "narHash": "sha256-yx9fcK6rtmoEc7lG6BsJ8q8t0UQzggZDIkKnHkuZrrE=",
        "owner": "hyprwm",
        "repo": "Hyprland",
        "rev": "41f7736c8521162cb3ea5f3c003e0643c1bcf616",
        "type": "github"
      },
      "original": {
        "owner": "hyprwm",
        "repo": "Hyprland",
        "type": "github"
      }
    },
    "hyprland-protocols": {
      "inputs": {
        "nixpkgs": [
          "hyprland",
          "nixpkgs"
        ]
      },
      "locked": {
        "lastModified": 1671839510,
        "narHash": "sha256-+PY1qqJfmZzzROgcIY4I7AkCwpnC+qBIYk2eFoA9RWc=",
        "owner": "hyprwm",
        "repo": "hyprland-protocols",
        "rev": "b8f55e02a328c47ed373133c52483bbfa20a1b75",
        "type": "github"
      },
      "original": {
        "owner": "hyprwm",
        "repo": "hyprland-protocols",
        "type": "github"
      }
    },
    "latest": {
      "locked": {
        "lastModified": 1679701081,
        "narHash": "sha256-gyMCRlK+UTBPAh9bKVjm5Km3dTHkt9rnl4wgTmXuzFk=",
        "owner": "nixos",
        "repo": "nixpkgs",
        "rev": "0ee208011d57a96f4bd8ecb9ad695b2d0f120cd0",
        "type": "github"
      },
      "original": {
        "owner": "nixos",
        "ref": "master",
        "repo": "nixpkgs",
        "type": "github"
      }
    },
    "nixos-hardware": {
      "locked": {
        "lastModified": 1679598117,
        "narHash": "sha256-Vs1f/7imI77OkMOQhO3xgx4jalN2Gx3D3C2wmnlpWJM=",
        "owner": "nixos",
        "repo": "nixos-hardware",
        "rev": "648021dcb2b65498eed3ea3a7339cdfc3bea4d82",
        "type": "github"
      },
      "original": {
        "owner": "nixos",
        "ref": "master",
        "repo": "nixos-hardware",
        "type": "github"
      }
    },
    "nixpkgs": {
      "locked": {
        "lastModified": 1679172431,
        "narHash": "sha256-XEh5gIt5otaUbEAPUY5DILUTyWe1goAyeqQtmwaFPyI=",
        "owner": "NixOS",
        "repo": "nixpkgs",
        "rev": "1603d11595a232205f03d46e635d919d1e1ec5b9",
        "type": "github"
      },
      "original": {
        "owner": "NixOS",
        "ref": "nixos-unstable",
        "repo": "nixpkgs",
        "type": "github"
      }
    },
    "nixpkgs_2": {
      "locked": {
        "lastModified": 1679644522,
        "narHash": "sha256-Fgi0g7NHz7h+/dXFdyDmUeQrARxmfzTlkcxsyiW3dPQ=",
        "owner": "nixos",
        "repo": "nixpkgs",
        "rev": "d4660b45bc031d98cecd233babf1df7f6d64b65e",
        "type": "github"
      },
      "original": {
        "owner": "nixos",
        "ref": "nixpkgs-unstable",
        "repo": "nixpkgs",
        "type": "github"
      }
    },
    "nur": {
      "locked": {
        "lastModified": 1679701538,
        "narHash": "sha256-UshdFx0og7BpPaX7vRp1Ilidz24U3inHluE6PfQmaO8=",
        "owner": "nix-community",
        "repo": "NUR",
        "rev": "6b2727a0d2a228bd60d7b266125ecfe735c9ea31",
        "type": "github"
      },
      "original": {
        "owner": "nix-community",
        "repo": "NUR",
        "type": "github"
      }
    },
    "root": {
      "inputs": {
        "emacs-overlay": "emacs-overlay",
        "flake-utils": "flake-utils",
        "home-manager": "home-manager",
        "hyprland": "hyprland",
        "latest": "latest",
        "nixos-hardware": "nixos-hardware",
        "nixpkgs": "nixpkgs_2",
        "nur": "nur",
        "rust-overlay": "rust-overlay"
      }
    },
    "rust-overlay": {
      "inputs": {
        "flake-utils": [
          "flake-utils"
        ],
        "nixpkgs": [
          "nixpkgs"
        ]
      },
      "locked": {
        "lastModified": 1679624450,
        "narHash": "sha256-wiDqUaklmc31E1+wz5sv52sMcWvZKsL1FBeGJCxz628=",
        "owner": "oxalica",
        "repo": "rust-overlay",
        "rev": "afbdcf305fd6f05f708fe76d52f24d37d066c251",
        "type": "github"
      },
      "original": {
        "owner": "oxalica",
        "repo": "rust-overlay",
        "type": "github"
      }
    },
    "utils": {
      "locked": {
        "lastModified": 1676283394,
        "narHash": "sha256-XX2f9c3iySLCw54rJ/CZs+ZK6IQy7GXNY4nSOyu2QG4=",
        "owner": "numtide",
        "repo": "flake-utils",
        "rev": "3db36a8b464d0c4532ba1c7dda728f4576d6d073",
        "type": "github"
      },
      "original": {
        "owner": "numtide",
        "repo": "flake-utils",
        "type": "github"
      }
    },
    "wlroots": {
      "flake": false,
      "locked": {
        "host": "gitlab.freedesktop.org",
        "lastModified": 1679340088,
        "narHash": "sha256-/1KiYoBivDj8HC/eVK2Tr2WYkVdKJxq2Lb0tQs0qqJo=",
        "owner": "wlroots",
        "repo": "wlroots",
        "rev": "1d64e12391a638201c679e71d4e22bb45e5faa8e",
        "type": "gitlab"
      },
      "original": {
        "host": "gitlab.freedesktop.org",
        "owner": "wlroots",
        "repo": "wlroots",
        "type": "gitlab"
      }
    },
    "xdph": {
      "inputs": {
        "hyprland-protocols": [
          "hyprland",
          "hyprland-protocols"
        ],
        "nixpkgs": [
          "hyprland",
          "nixpkgs"
        ]
      },
      "locked": {
        "lastModified": 1673116118,
        "narHash": "sha256-eR0yDSkR2XYMesfdRWJs25kAdXET2mbNNHu5t+KUcKA=",
        "owner": "hyprwm",
        "repo": "xdg-desktop-portal-hyprland",
        "rev": "d479c846531fd0e1d2357c9588b8310a2b859ef2",
        "type": "github"
      },
      "original": {
        "owner": "hyprwm",
        "repo": "xdg-desktop-portal-hyprland",
        "type": "github"
      }
    }
  },
  "root": "root",
  "version": 7
}
